<?xml version="1.0" encoding="utf-8"?>
<Project ToolsVersion="4.0" xmlns="http://schemas.microsoft.com/developer/msbuild/2003">
  <ItemGroup>
    <Filter Include="Source Files">
      <UniqueIdentifier>{4FC737F1-C7A5-4376-A066-2A32D752A2FF}</UniqueIdentifier>
      <Extensions>cpp;c;cc;cxx;def;odl;idl;hpj;bat;asm;asmx</Extensions>
    </Filter>
    <Filter Include="Header Files">
      <UniqueIdentifier>{93995380-89BD-4b04-88EB-625FBE52EBFB}</UniqueIdentifier>
      <Extensions>h;hh;hpp;hxx;hm;inl;inc;ipp;xsd</Extensions>
    </Filter>
    <Filter Include="Resource Files">
      <UniqueIdentifier>{67DA6AB6-F800-4c08-8B7A-83BB121AAD01}</UniqueIdentifier>
      <Extensions>rc;ico;cur;bmp;dlg;rc2;rct;bin;rgs;gif;jpg;jpeg;jpe;resx;tiff;tif;png;wav;mfcribbon-ms</Extensions>
    </Filter>
    <Filter Include="Source Files\Mapper">
      <UniqueIdentifier>{a258643a-0a65-4b82-808d-be88274b53e4}</UniqueIdentifier>
    </Filter>
    <Filter Include="Header Files\Mapper">
      <UniqueIdentifier>{5809a897-9516-45b9-a4b9-a3c54200da66}</UniqueIdentifier>
    </Filter>
  </ItemGroup>
  <ItemGroup>
    <ClInclude Include="Controller #1.1.h">
      <Filter>Header Files</Filter>
    </ClInclude>
    <ClInclude Include="Mapper\ControllerInterface.h">
      <Filter>Header Files\Mapper</Filter>
    </ClInclude>
    <ClInclude Include="Mapper\ControllerInterfaceImpl.h">
      <Filter>Header Files\Mapper</Filter>
    </ClInclude>
    <ClInclude Include="Mapper\GenericController.h">
      <Filter>Header Files\Mapper</Filter>
    </ClInclude>
    <ClInclude Include="Mapper\Mapping.h">
      <Filter>Header Files\Mapper</Filter>
    </ClInclude>
    <ClInclude Include="Mapper\MappingImpl.h">
      <Filter>Header Files\Mapper</Filter>
    </ClInclude>
    <ClInclude Include="Mapper\Serialization.h">
      <Filter>Header Files\Mapper</Filter>
    </ClInclude>
    <ClInclude Include="Mapper\SerializationImpl.h">
      <Filter>Header Files\Mapper</Filter>
    </ClInclude>
    <ClInclude Include="Mapper\utils.h">
      <Filter>Header Files\Mapper</Filter>
    </ClInclude>
    <ClInclude Include="Mapper\X360Controller.h">
      <Filter>Header Files\Mapper</Filter>
    </ClInclude>
    <ClInclude Include="Mapper\N64Controller.h">
      <Filter>Header Files\Mapper</Filter>
    </ClInclude>
    <ClInclude Include="plugin.h">
      <Filter>Header Files</Filter>
    </ClInclude>
    <ClInclude Include="Win.h">
      <Filter>Header Files</Filter>
    </ClInclude>
    <ClInclude Include="Mapper\Switch.h">
      <Filter>Header Files\Mapper</Filter>
    </ClInclude>
    <ClInclude Include="Mapper\Group.h">
      <Filter>Header Files\Mapper</Filter>
    </ClInclude>
    <ClInclude Include="config.h">
      <Filter>Header Files</Filter>
    </ClInclude>
    <ClInclude Include="savestate.h">
      <Filter>Header Files</Filter>
    </ClInclude>
  </ItemGroup>
  <ItemGroup>
    <ClCompile Include="dllmain.cpp">
      <Filter>Source Files</Filter>
    </ClCompile>
    <ClCompile Include="Mapper\ControllerInterface.cpp">
      <Filter>Source Files\Mapper</Filter>
    </ClCompile>
    <ClCompile Include="Mapper\Mapping.cpp">
      <Filter>Source Files\Mapper</Filter>
    </ClCompile>
    <ClCompile Include="Mapper\Serialization.cpp">
      <Filter>Source Files\Mapper</Filter>
    </ClCompile>
    <ClCompile Include="Mapper\X360Controller.cpp">
      <Filter>Source Files\Mapper</Filter>
    </ClCompile>
    <ClCompile Include="Mapper\N64Controller.cpp">
      <Filter>Source Files\Mapper</Filter>
    </ClCompile>
    <ClCompile Include="plugin.cpp">
      <Filter>Source Files</Filter>
    </ClCompile>
    <ClCompile Include="Win.cpp">
      <Filter>Source Files</Filter>
    </ClCompile>
    <ClCompile Include="Mapper\Switch.cpp">
      <Filter>Source Files\Mapper</Filter>
    </ClCompile>
    <ClCompile Include="Mapper\Group.cpp">
      <Filter>Source Files\Mapper</Filter>
    </ClCompile>
    <ClCompile Include="config.cpp">
      <Filter>Source Files</Filter>
    </ClCompile>
    <ClCompile Include="savestate.cpp">
      <Filter>Source Files</Filter>
    </ClCompile>
  </ItemGroup>
</Project>